// !$*UTF8*$!
{
	archiveVersion = 1;
	classes = {
	};
	objectVersion = 46;
	objects = {

/* Begin PBXBuildFile section */
		8630D73B1F6BD133008E3982 /* user_growth_gift@2x.png in Resources */ = {isa = PBXBuildFile; fileRef = 8630D7391F6BD133008E3982 /* user_growth_gift@2x.png */; };
		8630D73C1F6BD133008E3982 /* user_growth_gift@3x.png in Resources */ = {isa = PBXBuildFile; fileRef = 8630D73A1F6BD133008E3982 /* user_growth_gift@3x.png */; };
		86458D4E1F31D487006F7FF3 /* main.m in Sources */ = {isa = PBXBuildFile; fileRef = 86458D4D1F31D487006F7FF3 /* main.m */; };
		86458D511F31D487006F7FF3 /* AppDelegate.m in Sources */ = {isa = PBXBuildFile; fileRef = 86458D501F31D487006F7FF3 /* AppDelegate.m */; };
		86458D541F31D487006F7FF3 /* ViewController.m in Sources */ = {isa = PBXBuildFile; fileRef = 86458D531F31D487006F7FF3 /* ViewController.m */; };
		86458D571F31D487006F7FF3 /* Main.storyboard in Resources */ = {isa = PBXBuildFile; fileRef = 86458D551F31D487006F7FF3 /* Main.storyboard */; };
		86458D591F31D487006F7FF3 /* Assets.xcassets in Resources */ = {isa = PBXBuildFile; fileRef = 86458D581F31D487006F7FF3 /* Assets.xcassets */; };
		86458D5C1F31D487006F7FF3 /* LaunchScreen.storyboard in Resources */ = {isa = PBXBuildFile; fileRef = 86458D5A1F31D487006F7FF3 /* LaunchScreen.storyboard */; };
		86566E081F67C89800C2D52B /* ZHRequest.m in Sources */ = {isa = PBXBuildFile; fileRef = 86566E071F67C89800C2D52B /* ZHRequest.m */; };
		86566E0B1F67D34A00C2D52B /* ZHRequestManager.m in Sources */ = {isa = PBXBuildFile; fileRef = 86566E0A1F67D34A00C2D52B /* ZHRequestManager.m */; };
		869A1FE51F72490F00697675 /* ZHBatchRequest.m in Sources */ = {isa = PBXBuildFile; fileRef = 869A1FE41F72490F00697675 /* ZHBatchRequest.m */; };
		869A1FE81F7266EE00697675 /* ZHBatchRequestManager.m in Sources */ = {isa = PBXBuildFile; fileRef = 869A1FE71F7266EE00697675 /* ZHBatchRequestManager.m */; };
		869A1FEB1F739B0300697675 /* ZHChainRequest.m in Sources */ = {isa = PBXBuildFile; fileRef = 869A1FEA1F739B0300697675 /* ZHChainRequest.m */; };
		869A1FEE1F739B1400697675 /* ZHChainRequestManager.m in Sources */ = {isa = PBXBuildFile; fileRef = 869A1FED1F739B1400697675 /* ZHChainRequestManager.m */; };
		86E5592E1F7CF696002757B1 /* ZHDNSDes.m in Sources */ = {isa = PBXBuildFile; fileRef = 86E5592D1F7CF696002757B1 /* ZHDNSDes.m */; };
		86E559311F7CF6DA002757B1 /* ZHDNSHex.m in Sources */ = {isa = PBXBuildFile; fileRef = 86E559301F7CF6DA002757B1 /* ZHDNSHex.m */; };
		AD4D85DEC8965522AD26CCA6 /* libPods-ZHNetWorking.a in Frameworks */ = {isa = PBXBuildFile; fileRef = 9380F8EE815297784EA124FB /* libPods-ZHNetWorking.a */; };
/* End PBXBuildFile section */

/* Begin PBXFileReference section */
		8630D7391F6BD133008E3982 /* user_growth_gift@2x.png */ = {isa = PBXFileReference; lastKnownFileType = image.png; path = "user_growth_gift@2x.png"; sourceTree = "<group>"; };
		8630D73A1F6BD133008E3982 /* user_growth_gift@3x.png */ = {isa = PBXFileReference; lastKnownFileType = image.png; path = "user_growth_gift@3x.png"; sourceTree = "<group>"; };
		86458D491F31D487006F7FF3 /* ZHNetWorking.app */ = {isa = PBXFileReference; explicitFileType = wrapper.application; includeInIndex = 0; path = ZHNetWorking.app; sourceTree = BUILT_PRODUCTS_DIR; };
		86458D4D1F31D487006F7FF3 /* main.m */ = {isa = PBXFileReference; lastKnownFileType = sourcecode.c.objc; path = main.m; sourceTree = "<group>"; };
		86458D4F1F31D487006F7FF3 /* AppDelegate.h */ = {isa = PBXFileReference; lastKnownFileType = sourcecode.c.h; path = AppDelegate.h; sourceTree = "<group>"; };
		86458D501F31D487006F7FF3 /* AppDelegate.m */ = {isa = PBXFileReference; lastKnownFileType = sourcecode.c.objc; path = AppDelegate.m; sourceTree = "<group>"; };
		86458D521F31D487006F7FF3 /* ViewController.h */ = {isa = PBXFileReference; lastKnownFileType = sourcecode.c.h; path = ViewController.h; sourceTree = "<group>"; };
		86458D531F31D487006F7FF3 /* ViewController.m */ = {isa = PBXFileReference; lastKnownFileType = sourcecode.c.objc; path = ViewController.m; sourceTree = "<group>"; };
		86458D561F31D487006F7FF3 /* Base */ = {isa = PBXFileReference; lastKnownFileType = file.storyboard; name = Base; path = Base.lproj/Main.storyboard; sourceTree = "<group>"; };
		86458D581F31D487006F7FF3 /* Assets.xcassets */ = {isa = PBXFileReference; lastKnownFileType = folder.assetcatalog; path = Assets.xcassets; sourceTree = "<group>"; };
		86458D5B1F31D487006F7FF3 /* Base */ = {isa = PBXFileReference; lastKnownFileType = file.storyboard; name = Base; path = Base.lproj/LaunchScreen.storyboard; sourceTree = "<group>"; };
		86458D5D1F31D487006F7FF3 /* Info.plist */ = {isa = PBXFileReference; lastKnownFileType = text.plist.xml; path = Info.plist; sourceTree = "<group>"; };
		86566E061F67C89800C2D52B /* ZHRequest.h */ = {isa = PBXFileReference; fileEncoding = 4; lastKnownFileType = sourcecode.c.h; path = ZHRequest.h; sourceTree = "<group>"; };
		86566E071F67C89800C2D52B /* ZHRequest.m */ = {isa = PBXFileReference; fileEncoding = 4; lastKnownFileType = sourcecode.c.objc; path = ZHRequest.m; sourceTree = "<group>"; };
		86566E091F67D34A00C2D52B /* ZHRequestManager.h */ = {isa = PBXFileReference; fileEncoding = 4; lastKnownFileType = sourcecode.c.h; path = ZHRequestManager.h; sourceTree = "<group>"; };
		86566E0A1F67D34A00C2D52B /* ZHRequestManager.m */ = {isa = PBXFileReference; fileEncoding = 4; lastKnownFileType = sourcecode.c.objc; path = ZHRequestManager.m; sourceTree = "<group>"; };
		869A1FE31F72490F00697675 /* ZHBatchRequest.h */ = {isa = PBXFileReference; lastKnownFileType = sourcecode.c.h; path = ZHBatchRequest.h; sourceTree = "<group>"; };
		869A1FE41F72490F00697675 /* ZHBatchRequest.m */ = {isa = PBXFileReference; lastKnownFileType = sourcecode.c.objc; path = ZHBatchRequest.m; sourceTree = "<group>"; };
		869A1FE61F7266EE00697675 /* ZHBatchRequestManager.h */ = {isa = PBXFileReference; lastKnownFileType = sourcecode.c.h; path = ZHBatchRequestManager.h; sourceTree = "<group>"; };
		869A1FE71F7266EE00697675 /* ZHBatchRequestManager.m */ = {isa = PBXFileReference; lastKnownFileType = sourcecode.c.objc; path = ZHBatchRequestManager.m; sourceTree = "<group>"; };
		869A1FE91F739B0300697675 /* ZHChainRequest.h */ = {isa = PBXFileReference; lastKnownFileType = sourcecode.c.h; path = ZHChainRequest.h; sourceTree = "<group>"; };
		869A1FEA1F739B0300697675 /* ZHChainRequest.m */ = {isa = PBXFileReference; lastKnownFileType = sourcecode.c.objc; path = ZHChainRequest.m; sourceTree = "<group>"; };
		869A1FEC1F739B1400697675 /* ZHChainRequestManager.h */ = {isa = PBXFileReference; lastKnownFileType = sourcecode.c.h; path = ZHChainRequestManager.h; sourceTree = "<group>"; };
		869A1FED1F739B1400697675 /* ZHChainRequestManager.m */ = {isa = PBXFileReference; lastKnownFileType = sourcecode.c.objc; path = ZHChainRequestManager.m; sourceTree = "<group>"; };
		869AEC5B1F6B7A9B00833A09 /* ZHRequestDelegate.h */ = {isa = PBXFileReference; fileEncoding = 4; lastKnownFileType = sourcecode.c.h; path = ZHRequestDelegate.h; sourceTree = "<group>"; };
		86E5592C1F7CF696002757B1 /* ZHDNSDes.h */ = {isa = PBXFileReference; fileEncoding = 4; lastKnownFileType = sourcecode.c.h; path = ZHDNSDes.h; sourceTree = "<group>"; };
		86E5592D1F7CF696002757B1 /* ZHDNSDes.m */ = {isa = PBXFileReference; fileEncoding = 4; lastKnownFileType = sourcecode.c.objc; path = ZHDNSDes.m; sourceTree = "<group>"; };
		86E5592F1F7CF6DA002757B1 /* ZHDNSHex.h */ = {isa = PBXFileReference; fileEncoding = 4; lastKnownFileType = sourcecode.c.h; path = ZHDNSHex.h; sourceTree = "<group>"; };
		86E559301F7CF6DA002757B1 /* ZHDNSHex.m */ = {isa = PBXFileReference; fileEncoding = 4; lastKnownFileType = sourcecode.c.objc; path = ZHDNSHex.m; sourceTree = "<group>"; };
		9380F8EE815297784EA124FB /* libPods-ZHNetWorking.a */ = {isa = PBXFileReference; explicitFileType = archive.ar; includeInIndex = 0; path = "libPods-ZHNetWorking.a"; sourceTree = BUILT_PRODUCTS_DIR; };
		A956FAE5D41D472CECCB892B /* Pods-ZHNetWorking.debug.xcconfig */ = {isa = PBXFileReference; includeInIndex = 1; lastKnownFileType = text.xcconfig; name = "Pods-ZHNetWorking.debug.xcconfig"; path = "Pods/Target Support Files/Pods-ZHNetWorking/Pods-ZHNetWorking.debug.xcconfig"; sourceTree = "<group>"; };
		E56DDE47A214ABD51D5977EE /* Pods-ZHNetWorking.release.xcconfig */ = {isa = PBXFileReference; includeInIndex = 1; lastKnownFileType = text.xcconfig; name = "Pods-ZHNetWorking.release.xcconfig"; path = "Pods/Target Support Files/Pods-ZHNetWorking/Pods-ZHNetWorking.release.xcconfig"; sourceTree = "<group>"; };
/* End PBXFileReference section */

/* Begin PBXFrameworksBuildPhase section */
		86458D461F31D487006F7FF3 /* Frameworks */ = {
			isa = PBXFrameworksBuildPhase;
			buildActionMask = 2147483647;
			files = (
				AD4D85DEC8965522AD26CCA6 /* libPods-ZHNetWorking.a in Frameworks */,
			);
			runOnlyForDeploymentPostprocessing = 0;
		};
/* End PBXFrameworksBuildPhase section */

/* Begin PBXGroup section */
		86458D401F31D487006F7FF3 = {
			isa = PBXGroup;
			children = (
				8630D7391F6BD133008E3982 /* user_growth_gift@2x.png */,
				8630D73A1F6BD133008E3982 /* user_growth_gift@3x.png */,
				86458D4B1F31D487006F7FF3 /* ZHNetWorking */,
				86458D4A1F31D487006F7FF3 /* Products */,
				9DFAA07CE7468C01A054B352 /* Pods */,
				FF90932CE415CB7656118DB2 /* Frameworks */,
			);
			sourceTree = "<group>";
		};
		86458D4A1F31D487006F7FF3 /* Products */ = {
			isa = PBXGroup;
			children = (
				86458D491F31D487006F7FF3 /* ZHNetWorking.app */,
			);
			name = Products;
			sourceTree = "<group>";
		};
		86458D4B1F31D487006F7FF3 /* ZHNetWorking */ = {
			isa = PBXGroup;
			children = (
				86E5592B1F7CF663002757B1 /* DNSPod */,
				86458D4F1F31D487006F7FF3 /* AppDelegate.h */,
				86458D501F31D487006F7FF3 /* AppDelegate.m */,
				86458D521F31D487006F7FF3 /* ViewController.h */,
				86458D531F31D487006F7FF3 /* ViewController.m */,
				86566E061F67C89800C2D52B /* ZHRequest.h */,
				86566E071F67C89800C2D52B /* ZHRequest.m */,
				86566E091F67D34A00C2D52B /* ZHRequestManager.h */,
				86566E0A1F67D34A00C2D52B /* ZHRequestManager.m */,
				869AEC5B1F6B7A9B00833A09 /* ZHRequestDelegate.h */,
				869A1FE31F72490F00697675 /* ZHBatchRequest.h */,
				869A1FE41F72490F00697675 /* ZHBatchRequest.m */,
				869A1FE61F7266EE00697675 /* ZHBatchRequestManager.h */,
				869A1FE71F7266EE00697675 /* ZHBatchRequestManager.m */,
				869A1FE91F739B0300697675 /* ZHChainRequest.h */,
				869A1FEA1F739B0300697675 /* ZHChainRequest.m */,
				869A1FEC1F739B1400697675 /* ZHChainRequestManager.h */,
				869A1FED1F739B1400697675 /* ZHChainRequestManager.m */,
				86458D551F31D487006F7FF3 /* Main.storyboard */,
				86458D581F31D487006F7FF3 /* Assets.xcassets */,
				86458D5A1F31D487006F7FF3 /* LaunchScreen.storyboard */,
				86458D5D1F31D487006F7FF3 /* Info.plist */,
				86458D4C1F31D487006F7FF3 /* Supporting Files */,
			);
			path = ZHNetWorking;
			sourceTree = "<group>";
		};
		86458D4C1F31D487006F7FF3 /* Supporting Files */ = {
			isa = PBXGroup;
			children = (
				86458D4D1F31D487006F7FF3 /* main.m */,
			);
			name = "Supporting Files";
			sourceTree = "<group>";
		};
		86E5592B1F7CF663002757B1 /* DNSPod */ = {
			isa = PBXGroup;
			children = (
				86E5592C1F7CF696002757B1 /* ZHDNSDes.h */,
				86E5592D1F7CF696002757B1 /* ZHDNSDes.m */,
				86E5592F1F7CF6DA002757B1 /* ZHDNSHex.h */,
				86E559301F7CF6DA002757B1 /* ZHDNSHex.m */,
			);
			path = DNSPod;
			sourceTree = "<group>";
		};
		9DFAA07CE7468C01A054B352 /* Pods */ = {
			isa = PBXGroup;
			children = (
				A956FAE5D41D472CECCB892B /* Pods-ZHNetWorking.debug.xcconfig */,
				E56DDE47A214ABD51D5977EE /* Pods-ZHNetWorking.release.xcconfig */,
			);
			name = Pods;
			sourceTree = "<group>";
		};
		FF90932CE415CB7656118DB2 /* Frameworks */ = {
			isa = PBXGroup;
			children = (
				9380F8EE815297784EA124FB /* libPods-ZHNetWorking.a */,
			);
			name = Frameworks;
			sourceTree = "<group>";
		};
/* End PBXGroup section */

/* Begin PBXNativeTarget section */
		86458D481F31D487006F7FF3 /* ZHNetWorking */ = {
			isa = PBXNativeTarget;
			buildConfigurationList = 86458D601F31D487006F7FF3 /* Build configuration list for PBXNativeTarget "ZHNetWorking" */;
			buildPhases = (
				CDAE4270ED7D4BC757675541 /* [CP] Check Pods Manifest.lock */,
				86458D451F31D487006F7FF3 /* Sources */,
				86458D461F31D487006F7FF3 /* Frameworks */,
				86458D471F31D487006F7FF3 /* Resources */,
				DB1937D9EB52129E2F21CB34 /* [CP] Embed Pods Frameworks */,
				F83D860C670C0D779C0D5418 /* [CP] Copy Pods Resources */,
			);
			buildRules = (
			);
			dependencies = (
			);
			name = ZHNetWorking;
			productName = ZHNetWorking;
			productReference = 86458D491F31D487006F7FF3 /* ZHNetWorking.app */;
			productType = "com.apple.product-type.application";
		};
/* End PBXNativeTarget section */

/* Begin PBXProject section */
		86458D411F31D487006F7FF3 /* Project object */ = {
			isa = PBXProject;
			attributes = {
				LastUpgradeCheck = 0830;
				ORGANIZATIONNAME = autohome;
				TargetAttributes = {
					86458D481F31D487006F7FF3 = {
						CreatedOnToolsVersion = 8.3.3;
						DevelopmentTeam = W35GD34VEQ;
						ProvisioningStyle = Automatic;
					};
				};
			};
			buildConfigurationList = 86458D441F31D487006F7FF3 /* Build configuration list for PBXProject "ZHNetWorking" */;
			compatibilityVersion = "Xcode 3.2";
			developmentRegion = English;
			hasScannedForEncodings = 0;
			knownRegions = (
				en,
				Base,
			);
			mainGroup = 86458D401F31D487006F7FF3;
			productRefGroup = 86458D4A1F31D487006F7FF3 /* Products */;
			projectDirPath = "";
			projectRoot = "";
			targets = (
				86458D481F31D487006F7FF3 /* ZHNetWorking */,
			);
		};
/* End PBXProject section */

/* Begin PBXResourcesBuildPhase section */
		86458D471F31D487006F7FF3 /* Resources */ = {
			isa = PBXResourcesBuildPhase;
			buildActionMask = 2147483647;
			files = (
				86458D5C1F31D487006F7FF3 /* LaunchScreen.storyboard in Resources */,
				86458D591F31D487006F7FF3 /* Assets.xcassets in Resources */,
				8630D73B1F6BD133008E3982 /* user_growth_gift@2x.png in Resources */,
				86458D571F31D487006F7FF3 /* Main.storyboard in Resources */,
				8630D73C1F6BD133008E3982 /* user_growth_gift@3x.png in Resources */,
			);
			runOnlyForDeploymentPostprocessing = 0;
		};
/* End PBXResourcesBuildPhase section */

/* Begin PBXShellScriptBuildPhase section */
		CDAE4270ED7D4BC757675541 /* [CP] Check Pods Manifest.lock */ = {
			isa = PBXShellScriptBuildPhase;
			buildActionMask = 2147483647;
			files = (
			);
			inputPaths = (
			);
			name = "[CP] Check Pods Manifest.lock";
			outputPaths = (
			);
			runOnlyForDeploymentPostprocessing = 0;
			shellPath = /bin/sh;
			shellScript = "diff \"${PODS_ROOT}/../Podfile.lock\" \"${PODS_ROOT}/Manifest.lock\" > /dev/null\nif [ $? != 0 ] ; then\n    # print error to STDERR\n    echo \"error: The sandbox is not in sync with the Podfile.lock. Run 'pod install' or update your CocoaPods installation.\" >&2\n    exit 1\nfi\n";
			showEnvVarsInLog = 0;
		};
		DB1937D9EB52129E2F21CB34 /* [CP] Embed Pods Frameworks */ = {
			isa = PBXShellScriptBuildPhase;
			buildActionMask = 2147483647;
			files = (
			);
			inputPaths = (
			);
			name = "[CP] Embed Pods Frameworks";
			outputPaths = (
			);
			runOnlyForDeploymentPostprocessing = 0;
			shellPath = /bin/sh;
			shellScript = "\"${SRCROOT}/Pods/Target Support Files/Pods-ZHNetWorking/Pods-ZHNetWorking-frameworks.sh\"\n";
			showEnvVarsInLog = 0;
		};
		F83D860C670C0D779C0D5418 /* [CP] Copy Pods Resources */ = {
			isa = PBXShellScriptBuildPhase;
			buildActionMask = 2147483647;
			files = (
			);
			inputPaths = (
			);
			name = "[CP] Copy Pods Resources";
			outputPaths = (
			);
			runOnlyForDeploymentPostprocessing = 0;
			shellPath = /bin/sh;
			shellScript = "\"${SRCROOT}/Pods/Target Support Files/Pods-ZHNetWorking/Pods-ZHNetWorking-resources.sh\"\n";
			showEnvVarsInLog = 0;
		};
/* End PBXShellScriptBuildPhase section */

/* Begin PBXSourcesBuildPhase section */
		86458D451F31D487006F7FF3 /* Sources */ = {
			isa = PBXSourcesBuildPhase;
			buildActionMask = 2147483647;
			files = (
				86566E081F67C89800C2D52B /* ZHRequest.m in Sources */,
				869A1FEB1F739B0300697675 /* ZHChainRequest.m in Sources */,
				869A1FEE1F739B1400697675 /* ZHChainRequestManager.m in Sources */,
				86E559311F7CF6DA002757B1 /* ZHDNSHex.m in Sources */,
				86458D541F31D487006F7FF3 /* ViewController.m in Sources */,
				86458D511F31D487006F7FF3 /* AppDelegate.m in Sources */,
				86458D4E1F31D487006F7FF3 /* main.m in Sources */,
				869A1FE51F72490F00697675 /* ZHBatchRequest.m in Sources */,
				869A1FE81F7266EE00697675 /* ZHBatchRequestManager.m in Sources */,
				86E5592E1F7CF696002757B1 /* ZHDNSDes.m in Sources */,
				86566E0B1F67D34A00C2D52B /* ZHRequestManager.m in Sources */,
			);
			runOnlyForDeploymentPostprocessing = 0;
		};
/* End PBXSourcesBuildPhase section */

/* Begin PBXVariantGroup section */
		86458D551F31D487006F7FF3 /* Main.storyboard */ = {
			isa = PBXVariantGroup;
			children = (
				86458D561F31D487006F7FF3 /* Base */,
			);
			name = Main.storyboard;
			sourceTree = "<group>";
		};
		86458D5A1F31D487006F7FF3 /* LaunchScreen.storyboard */ = {
			isa = PBXVariantGroup;
			children = (
				86458D5B1F31D487006F7FF3 /* Base */,
			);
			name = LaunchScreen.storyboard;
			sourceTree = "<group>";
		};
/* End PBXVariantGroup section */

/* Begin XCBuildConfiguration section */
		86458D5E1F31D487006F7FF3 /* Debug */ = {
			isa = XCBuildConfiguration;
			buildSettings = {
				ALWAYS_SEARCH_USER_PATHS = NO;
				CLANG_ANALYZER_NONNULL = YES;
				CLANG_ANALYZER_NUMBER_OBJECT_CONVERSION = YES_AGGRESSIVE;
				CLANG_CXX_LANGUAGE_STANDARD = "gnu++0x";
				CLANG_CXX_LIBRARY = "libc++";
				CLANG_ENABLE_MODULES = YES;
				CLANG_ENABLE_OBJC_ARC = YES;
				CLANG_WARN_BOOL_CONVERSION = YES;
				CLANG_WARN_CONSTANT_CONVERSION = YES;
				CLANG_WARN_DIRECT_OBJC_ISA_USAGE = YES_ERROR;
				CLANG_WARN_DOCUMENTATION_COMMENTS = YES;
				CLANG_WARN_EMPTY_BODY = YES;
				CLANG_WARN_ENUM_CONVERSION = YES;
				CLANG_WARN_INFINITE_RECURSION = YES;
				CLANG_WARN_INT_CONVERSION = YES;
				CLANG_WARN_OBJC_ROOT_CLASS = YES_ERROR;
				CLANG_WARN_SUSPICIOUS_MOVE = YES;
				CLANG_WARN_UNREACHABLE_CODE = YES;
				CLANG_WARN__DUPLICATE_METHOD_MATCH = YES;
				"CODE_SIGN_IDENTITY[sdk=iphoneos*]" = "iPhone Developer";
				COPY_PHASE_STRIP = NO;
				DEBUG_INFORMATION_FORMAT = dwarf;
				ENABLE_STRICT_OBJC_MSGSEND = YES;
				ENABLE_TESTABILITY = YES;
				GCC_C_LANGUAGE_STANDARD = gnu99;
				GCC_DYNAMIC_NO_PIC = NO;
				GCC_NO_COMMON_BLOCKS = YES;
				GCC_OPTIMIZATION_LEVEL = 0;
				GCC_PREPROCESSOR_DEFINITIONS = (
					"DEBUG=1",
					"$(inherited)",
				);
				GCC_WARN_64_TO_32_BIT_CONVERSION = YES;
				GCC_WARN_ABOUT_RETURN_TYPE = YES_ERROR;
				GCC_WARN_UNDECLARED_SELECTOR = YES;
				GCC_WARN_UNINITIALIZED_AUTOS = YES_AGGRESSIVE;
				GCC_WARN_UNUSED_FUNCTION = YES;
				GCC_WARN_UNUSED_VARIABLE = YES;
				IPHONEOS_DEPLOYMENT_TARGET = 10.3;
				MTL_ENABLE_DEBUG_INFO = YES;
				ONLY_ACTIVE_ARCH = YES;
				SDKROOT = iphoneos;
			};
			name = Debug;
		};
		86458D5F1F31D487006F7FF3 /* Release */ = {
			isa = XCBuildConfiguration;
			buildSettings = {
				ALWAYS_SEARCH_USER_PATHS = NO;
				CLANG_ANALYZER_NONNULL = YES;
				CLANG_ANALYZER_NUMBER_OBJECT_CONVERSION = YES_AGGRESSIVE;
				CLANG_CXX_LANGUAGE_STANDARD = "gnu++0x";
				CLANG_CXX_LIBRARY = "libc++";
				CLANG_ENABLE_MODULES = YES;
				CLANG_ENABLE_OBJC_ARC = YES;
				CLANG_WARN_BOOL_CONVERSION = YES;
				CLANG_WARN_CONSTANT_CONVERSION = YES;
				CLANG_WARN_DIRECT_OBJC_ISA_USAGE = YES_ERROR;
				CLANG_WARN_DOCUMENTATION_COMMENTS = YES;
				CLANG_WARN_EMPTY_BODY = YES;
				CLANG_WARN_ENUM_CONVERSION = YES;
				CLANG_WARN_INFINITE_RECURSION = YES;
				CLANG_WARN_INT_CONVERSION = YES;
				CLANG_WARN_OBJC_ROOT_CLASS = YES_ERROR;
				CLANG_WARN_SUSPICIOUS_MOVE = YES;
				CLANG_WARN_UNREACHABLE_CODE = YES;
				CLANG_WARN__DUPLICATE_METHOD_MATCH = YES;
				"CODE_SIGN_IDENTITY[sdk=iphoneos*]" = "iPhone Developer";
				COPY_PHASE_STRIP = NO;
				DEBUG_INFORMATION_FORMAT = "dwarf-with-dsym";
				ENABLE_NS_ASSERTIONS = NO;
				ENABLE_STRICT_OBJC_MSGSEND = YES;
				GCC_C_LANGUAGE_STANDARD = gnu99;
				GCC_NO_COMMON_BLOCKS = YES;
				GCC_WARN_64_TO_32_BIT_CONVERSION = YES;
				GCC_WARN_ABOUT_RETURN_TYPE = YES_ERROR;
				GCC_WARN_UNDECLARED_SELECTOR = YES;
				GCC_WARN_UNINITIALIZED_AUTOS = YES_AGGRESSIVE;
				GCC_WARN_UNUSED_FUNCTION = YES;
				GCC_WARN_UNUSED_VARIABLE = YES;
				IPHONEOS_DEPLOYMENT_TARGET = 10.3;
				MTL_ENABLE_DEBUG_INFO = NO;
				SDKROOT = iphoneos;
				VALIDATE_PRODUCT = YES;
			};
			name = Release;
		};
		86458D611F31D487006F7FF3 /* Debug */ = {
			isa = XCBuildConfiguration;
			baseConfigurationReference = A956FAE5D41D472CECCB892B /* Pods-ZHNetWorking.debug.xcconfig */;
			buildSettings = {
				ASSETCATALOG_COMPILER_APPICON_NAME = AppIcon;
				CODE_SIGN_IDENTITY = "iPhone Developer";
				"CODE_SIGN_IDENTITY[sdk=iphoneos*]" = "iPhone Developer";
				CODE_SIGN_STYLE = Automatic;
				DEVELOPMENT_TEAM = W35GD34VEQ;
				INFOPLIST_FILE = ZHNetWorking/Info.plist;
				IPHONEOS_DEPLOYMENT_TARGET = 9.0;
				LD_RUNPATH_SEARCH_PATHS = "$(inherited) @executable_path/Frameworks";
				PRODUCT_BUNDLE_IDENTIFIER = ZHNetworking;
				PRODUCT_NAME = "$(TARGET_NAME)";
				PROVISIONING_PROFILE_SPECIFIER = "";
			};
			name = Debug;
		};
		86458D621F31D487006F7FF3 /* Release */ = {
			isa = XCBuildConfiguration;
			baseConfigurationReference = E56DDE47A214ABD51D5977EE /* Pods-ZHNetWorking.release.xcconfig */;
			buildSettings = {
				ASSETCATALOG_COMPILER_APPICON_NAME = AppIcon;
				CODE_SIGN_IDENTITY = "iPhone Developer";
				"CODE_SIGN_IDENTITY[sdk=iphoneos*]" = "iPhone Developer";
				CODE_SIGN_STYLE = Automatic;
				DEVELOPMENT_TEAM = W35GD34VEQ;
				INFOPLIST_FILE = ZHNetWorking/Info.plist;
				IPHONEOS_DEPLOYMENT_TARGET = 9.0;
				LD_RUNPATH_SEARCH_PATHS = "$(inherited) @executable_path/Frameworks";
				PRODUCT_BUNDLE_IDENTIFIER = ZHNetworking;
				PRODUCT_NAME = "$(TARGET_NAME)";
				PROVISIONING_PROFILE_SPECIFIER = "";
			};
			name = Release;
		};
/* End XCBuildConfiguration section */

/* Begin XCConfigurationList section */
		86458D441F31D487006F7FF3 /* Build configuration list for PBXProject "ZHNetWorking" */ = {
			isa = XCConfigurationList;
			buildConfigurations = (
				86458D5E1F31D487006F7FF3 /* Debug */,
				86458D5F1F31D487006F7FF3 /* Release */,
			);
			defaultConfigurationIsVisible = 0;
			defaultConfigurationName = Release;
		};
		86458D601F31D487006F7FF3 /* Build configuration list for PBXNativeTarget "ZHNetWorking" */ = {
			isa = XCConfigurationList;
			buildConfigurations = (
				86458D611F31D487006F7FF3 /* Debug */,
				86458D621F31D487006F7FF3 /* Release */,
			);
			defaultConfigurationIsVisible = 0;
			defaultConfigurationName = Release;
		};
/* End XCConfigurationList section */
	};
	rootObject = 86458D411F31D487006F7FF3 /* Project object */;
}
